// !$*UTF8*$!
{
	archiveVersion = 1;
	classes = {
	};
	objectVersion = 54;
	objects = {

/* Begin PBXBuildFile section */
		01CCCE4745A4A0AB38BBE778 /* AppColors.swift in Sources */ = {isa = PBXBuildFile; fileRef = EE039009AF240F6CAB32302C /* AppColors.swift */; };
		0A8EDEB66763654B5C935451 /* TabBarView.swift in Sources */ = {isa = PBXBuildFile; fileRef = 7841483C2BB858ED339662B6 /* TabBarView.swift */; };
		20024105E1C3675F1C6864CD /* ProfileView.swift in Sources */ = {isa = PBXBuildFile; fileRef = FADA1FBA450B71CB4699A44D /* ProfileView.swift */; };
		359B678088FF8717838F4569 /* TymelyWidget.swift in Sources */ = {isa = PBXBuildFile; fileRef = 2357CE62A01DDF63D7A39208 /* TymelyWidget.swift */; };
		59E01F9CB1B4EEA45913AD0A /* TymelyWidgetBundle.swift in Sources */ = {isa = PBXBuildFile; fileRef = FACC363DA652ECB90D4C0F89 /* TymelyWidgetBundle.swift */; };
		5E5F79D46498101CF652E127 /* ContextualRoutineItemRowView.swift in Sources */ = {isa = PBXBuildFile; fileRef = D1F2C08382389522CB9823AB /* ContextualRoutineItemRowView.swift */; };
		6535DD67E698712FD248C052 /* WidgetModels.swift in Sources */ = {isa = PBXBuildFile; fileRef = 3EB8DD7E581401C75074DDB6 /* WidgetModels.swift */; };
		69B2D120C6780EAFEB12B5C0 /* Persistence.swift in Sources */ = {isa = PBXBuildFile; fileRef = 032F29C2B16CC44A2DFC167D /* Persistence.swift */; };
		74900C0357014D63736D8902 /* NavigationBarView.swift in Sources */ = {isa = PBXBuildFile; fileRef = 6F8AC1F57780CE848732A0F0 /* NavigationBarView.swift */; };
		7C7C3E87958889465B29C8B4 /* DailyRoutineView.swift in Sources */ = {isa = PBXBuildFile; fileRef = CFD0045ED03ACD85181FFA5F /* DailyRoutineView.swift */; };
		7D4D50578DE0B036523E8F6B /* Tymely.xcdatamodeld in Sources */ = {isa = PBXBuildFile; fileRef = 9A0D0B92191B0DE09B665481 /* Tymely.xcdatamodeld */; };
		7E714F1B1CBDADBDEC71FBC9 /* TymelyApp.swift in Sources */ = {isa = PBXBuildFile; fileRef = 0258299A35A6ACA30B0CAB37 /* TymelyApp.swift */; };
		84E6C07914F259426A91BFD0 /* AppIntent.swift in Sources */ = {isa = PBXBuildFile; fileRef = DB11317E37597138B1EC98F2 /* AppIntent.swift */; };
		87625D430101D5EEA8B88E33 /* ContentView.swift in Sources */ = {isa = PBXBuildFile; fileRef = 085F03E68B620A18C7EA577A /* ContentView.swift */; };
		8BBE4DA915271E67F54DA569 /* RoutineItemRowView.swift in Sources */ = {isa = PBXBuildFile; fileRef = 187149D2A7A489297D3313FC /* RoutineItemRowView.swift */; };
		8C87E49330849C2533C9D14A /* TymelyWidgetLiveActivity.swift in Sources */ = {isa = PBXBuildFile; fileRef = 491C80B7C7692AEDD2E8F571 /* TymelyWidgetLiveActivity.swift */; };
		9F46B6A3FC4981B493F31905 /* RoutineItem.swift in Sources */ = {isa = PBXBuildFile; fileRef = 78E0B7994E0CC3BDE4351586 /* RoutineItem.swift */; };
		BEB7502878242704D31724D7 /* NotificationManager.swift in Sources */ = {isa = PBXBuildFile; fileRef = 5E11950FFFCB34B91700BDD9 /* NotificationManager.swift */; };
		C828C3D85DF439940BF0FEDD /* SampleData.swift in Sources */ = {isa = PBXBuildFile; fileRef = 0A793A5327B4639E796D811B /* SampleData.swift */; };
		D81CA6939FBCCFE8D1B6995E /* DashboardView.swift in Sources */ = {isa = PBXBuildFile; fileRef = 7396BC20156075B99E77E47A /* DashboardView.swift */; };
		F1C1CC81544503A2AD81D946 /* TymelyWidget.appex in Embed Foundation Extensions */ = {isa = PBXBuildFile; fileRef = 397C85C6446C5B9623A207FC /* TymelyWidget.appex */; settings = {ATTRIBUTES = (RemoveHeadersOnCopy, ); }; };
		F8B88E986251FAC84CF63ABD /* TymelyWidgetControl.swift in Sources */ = {isa = PBXBuildFile; fileRef = 012775F1A832B49F6E04E42D /* TymelyWidgetControl.swift */; };
/* End PBXBuildFile section */

/* Begin PBXContainerItemProxy section */
		5B8E5EF017E0A16A9A8D9AC0 /* PBXContainerItemProxy */ = {
			isa = PBXContainerItemProxy;
			containerPortal = 1043C3CA17ECCEA756F01984 /* Project object */;
			proxyType = 1;
			remoteGlobalIDString = 723281AD0CB737837555B504;
			remoteInfo = TymelyWidget;
		};
/* End PBXContainerItemProxy section */

/* Begin PBXCopyFilesBuildPhase section */
		68B369F262C29828F1CC180B /* Embed Foundation Extensions */ = {
			isa = PBXCopyFilesBuildPhase;
			buildActionMask = 2147483647;
			dstPath = "";
			dstSubfolderSpec = 13;
			files = (
				F1C1CC81544503A2AD81D946 /* TymelyWidget.appex in Embed Foundation Extensions */,
			);
			name = "Embed Foundation Extensions";
			runOnlyForDeploymentPostprocessing = 0;
		};
/* End PBXCopyFilesBuildPhase section */

/* Begin PBXFileReference section */
		012775F1A832B49F6E04E42D /* TymelyWidgetControl.swift */ = {isa = PBXFileReference; lastKnownFileType = sourcecode.swift; path = TymelyWidgetControl.swift; sourceTree = "<group>"; };
		0258299A35A6ACA30B0CAB37 /* TymelyApp.swift */ = {isa = PBXFileReference; lastKnownFileType = sourcecode.swift; path = TymelyApp.swift; sourceTree = "<group>"; };
		032F29C2B16CC44A2DFC167D /* Persistence.swift */ = {isa = PBXFileReference; lastKnownFileType = sourcecode.swift; path = Persistence.swift; sourceTree = "<group>"; };
		085F03E68B620A18C7EA577A /* ContentView.swift */ = {isa = PBXFileReference; lastKnownFileType = sourcecode.swift; path = ContentView.swift; sourceTree = "<group>"; };
		0A793A5327B4639E796D811B /* SampleData.swift */ = {isa = PBXFileReference; lastKnownFileType = sourcecode.swift; path = SampleData.swift; sourceTree = "<group>"; };
		187149D2A7A489297D3313FC /* RoutineItemRowView.swift */ = {isa = PBXFileReference; lastKnownFileType = sourcecode.swift; path = RoutineItemRowView.swift; sourceTree = "<group>"; };
		2357CE62A01DDF63D7A39208 /* TymelyWidget.swift */ = {isa = PBXFileReference; lastKnownFileType = sourcecode.swift; path = TymelyWidget.swift; sourceTree = "<group>"; };
		397C85C6446C5B9623A207FC /* TymelyWidget.appex */ = {isa = PBXFileReference; includeInIndex = 0; lastKnownFileType = "wrapper.app-extension"; path = TymelyWidget.appex; sourceTree = BUILT_PRODUCTS_DIR; };
		3EB8DD7E581401C75074DDB6 /* WidgetModels.swift */ = {isa = PBXFileReference; lastKnownFileType = sourcecode.swift; path = WidgetModels.swift; sourceTree = "<group>"; };
		491C80B7C7692AEDD2E8F571 /* TymelyWidgetLiveActivity.swift */ = {isa = PBXFileReference; lastKnownFileType = sourcecode.swift; path = TymelyWidgetLiveActivity.swift; sourceTree = "<group>"; };
		5E11950FFFCB34B91700BDD9 /* NotificationManager.swift */ = {isa = PBXFileReference; lastKnownFileType = sourcecode.swift; path = NotificationManager.swift; sourceTree = "<group>"; };
		6F8AC1F57780CE848732A0F0 /* NavigationBarView.swift */ = {isa = PBXFileReference; lastKnownFileType = sourcecode.swift; path = NavigationBarView.swift; sourceTree = "<group>"; };
		7396BC20156075B99E77E47A /* DashboardView.swift */ = {isa = PBXFileReference; lastKnownFileType = sourcecode.swift; path = DashboardView.swift; sourceTree = "<group>"; };
		7841483C2BB858ED339662B6 /* TabBarView.swift */ = {isa = PBXFileReference; lastKnownFileType = sourcecode.swift; path = TabBarView.swift; sourceTree = "<group>"; };
		78E0B7994E0CC3BDE4351586 /* RoutineItem.swift */ = {isa = PBXFileReference; lastKnownFileType = sourcecode.swift; path = RoutineItem.swift; sourceTree = "<group>"; };
		94272016A11A63020B1492EC /* Tymely.xcdatamodel */ = {isa = PBXFileReference; lastKnownFileType = wrapper.xcdatamodel; path = Tymely.xcdatamodel; sourceTree = "<group>"; };
		96A0C3FDC7AF2E0835547286 /* Info.plist */ = {isa = PBXFileReference; lastKnownFileType = text.plist; path = Info.plist; sourceTree = "<group>"; };
		B59240B1180D97E9E65C8367 /* Tymely.app */ = {isa = PBXFileReference; includeInIndex = 0; lastKnownFileType = wrapper.application; path = Tymely.app; sourceTree = BUILT_PRODUCTS_DIR; };
		CFD0045ED03ACD85181FFA5F /* DailyRoutineView.swift */ = {isa = PBXFileReference; lastKnownFileType = sourcecode.swift; path = DailyRoutineView.swift; sourceTree = "<group>"; };
		D1F2C08382389522CB9823AB /* ContextualRoutineItemRowView.swift */ = {isa = PBXFileReference; lastKnownFileType = sourcecode.swift; path = ContextualRoutineItemRowView.swift; sourceTree = "<group>"; };
		DB11317E37597138B1EC98F2 /* AppIntent.swift */ = {isa = PBXFileReference; lastKnownFileType = sourcecode.swift; path = AppIntent.swift; sourceTree = "<group>"; };
		EE039009AF240F6CAB32302C /* AppColors.swift */ = {isa = PBXFileReference; lastKnownFileType = sourcecode.swift; path = AppColors.swift; sourceTree = "<group>"; };
		FACC363DA652ECB90D4C0F89 /* TymelyWidgetBundle.swift */ = {isa = PBXFileReference; lastKnownFileType = sourcecode.swift; path = TymelyWidgetBundle.swift; sourceTree = "<group>"; };
		FADA1FBA450B71CB4699A44D /* ProfileView.swift */ = {isa = PBXFileReference; lastKnownFileType = sourcecode.swift; path = ProfileView.swift; sourceTree = "<group>"; };
/* End PBXFileReference section */

/* Begin PBXGroup section */
		0158AE2568A813B6303F46F5 /* Theme */ = {
			isa = PBXGroup;
			children = (
				EE039009AF240F6CAB32302C /* AppColors.swift */,
			);
			path = Theme;
			sourceTree = "<group>";
		};
		24B0E8B37853637590D10138 /* Dashboard */ = {
			isa = PBXGroup;
			children = (
				D1F2C08382389522CB9823AB /* ContextualRoutineItemRowView.swift */,
				CFD0045ED03ACD85181FFA5F /* DailyRoutineView.swift */,
				6F8AC1F57780CE848732A0F0 /* NavigationBarView.swift */,
				187149D2A7A489297D3313FC /* RoutineItemRowView.swift */,
			);
			path = Dashboard;
			sourceTree = "<group>";
		};
		3BBFA035F5E564FA72E5433B = {
			isa = PBXGroup;
			children = (
				0258299A35A6ACA30B0CAB37 /* TymelyApp.swift */,
				66A246B7A25CC5BEDD6F9755 /* Components */,
				B9A1160FFA41015E9B49314B /* Models */,
				72C698DCFD58C15898B6250A /* Services */,
				CEAE70F75351ABDFBBD01D69 /* Shared */,
				732F4E09A4A4353AB68FC910 /* Storage */,
				0158AE2568A813B6303F46F5 /* Theme */,
				CE27E31CA53C3DC793F018A9 /* TymelyWidget */,
				CFE1F51652B236E4B783DC58 /* Utils */,
				7855B2981AED7E7B8A9F1429 /* Views */,
				4ED81B013B53EF35B4A8FB19 /* Products */,
			);
			sourceTree = "<group>";
		};
		4ED81B013B53EF35B4A8FB19 /* Products */ = {
			isa = PBXGroup;
			children = (
				B59240B1180D97E9E65C8367 /* Tymely.app */,
				397C85C6446C5B9623A207FC /* TymelyWidget.appex */,
			);
			name = Products;
			sourceTree = "<group>";
		};
		66A246B7A25CC5BEDD6F9755 /* Components */ = {
			isa = PBXGroup;
			children = (
			);
			path = Components;
			sourceTree = "<group>";
		};
		72C698DCFD58C15898B6250A /* Services */ = {
			isa = PBXGroup;
			children = (
				5E11950FFFCB34B91700BDD9 /* NotificationManager.swift */,
			);
			path = Services;
			sourceTree = "<group>";
		};
		732F4E09A4A4353AB68FC910 /* Storage */ = {
			isa = PBXGroup;
			children = (
				032F29C2B16CC44A2DFC167D /* Persistence.swift */,
			);
			path = Storage;
			sourceTree = "<group>";
		};
		7855B2981AED7E7B8A9F1429 /* Views */ = {
			isa = PBXGroup;
			children = (
				085F03E68B620A18C7EA577A /* ContentView.swift */,
				7396BC20156075B99E77E47A /* DashboardView.swift */,
				FADA1FBA450B71CB4699A44D /* ProfileView.swift */,
				7841483C2BB858ED339662B6 /* TabBarView.swift */,
				24B0E8B37853637590D10138 /* Dashboard */,
			);
			path = Views;
			sourceTree = "<group>";
		};
		B9A1160FFA41015E9B49314B /* Models */ = {
			isa = PBXGroup;
			children = (
				78E0B7994E0CC3BDE4351586 /* RoutineItem.swift */,
				0A793A5327B4639E796D811B /* SampleData.swift */,
				9A0D0B92191B0DE09B665481 /* Tymely.xcdatamodeld */,
			);
			path = Models;
			sourceTree = "<group>";
		};
		CE27E31CA53C3DC793F018A9 /* TymelyWidget */ = {
			isa = PBXGroup;
			children = (
				DB11317E37597138B1EC98F2 /* AppIntent.swift */,
				96A0C3FDC7AF2E0835547286 /* Info.plist */,
				2357CE62A01DDF63D7A39208 /* TymelyWidget.swift */,
				FACC363DA652ECB90D4C0F89 /* TymelyWidgetBundle.swift */,
				012775F1A832B49F6E04E42D /* TymelyWidgetControl.swift */,
				491C80B7C7692AEDD2E8F571 /* TymelyWidgetLiveActivity.swift */,
				3EB8DD7E581401C75074DDB6 /* WidgetModels.swift */,
			);
			path = TymelyWidget;
			sourceTree = "<group>";
		};
		CEAE70F75351ABDFBBD01D69 /* Shared */ = {
			isa = PBXGroup;
			children = (
			);
			path = Shared;
			sourceTree = "<group>";
		};
		CFE1F51652B236E4B783DC58 /* Utils */ = {
			isa = PBXGroup;
			children = (
			);
			path = Utils;
			sourceTree = "<group>";
		};
/* End PBXGroup section */

/* Begin PBXNativeTarget section */
		569E8F9DB695209E845353A8 /* Tymely */ = {
			isa = PBXNativeTarget;
			buildConfigurationList = A12C9794C8CEB9427AF2CD62 /* Build configuration list for PBXNativeTarget "Tymely" */;
			buildPhases = (
				DB66569CEC1CECCD29370511 /* Sources */,
				68B369F262C29828F1CC180B /* Embed Foundation Extensions */,
			);
			buildRules = (
			);
			dependencies = (
				B699042789650B3C7BE85A5C /* PBXTargetDependency */,
			);
			name = Tymely;
			packageProductDependencies = (
			);
			productName = Tymely;
			productReference = B59240B1180D97E9E65C8367 /* Tymely.app */;
			productType = "com.apple.product-type.application";
		};
		723281AD0CB737837555B504 /* TymelyWidget */ = {
			isa = PBXNativeTarget;
			buildConfigurationList = 8DEBD8676E8679572BC9D198 /* Build configuration list for PBXNativeTarget "TymelyWidget" */;
			buildPhases = (
				F1C052C0904EA1E13DDA3241 /* Sources */,
			);
			buildRules = (
			);
			dependencies = (
			);
			name = TymelyWidget;
			packageProductDependencies = (
			);
			productName = TymelyWidget;
			productReference = 397C85C6446C5B9623A207FC /* TymelyWidget.appex */;
			productType = "com.apple.product-type.app-extension";
		};
/* End PBXNativeTarget section */

/* Begin PBXProject section */
		1043C3CA17ECCEA756F01984 /* Project object */ = {
			isa = PBXProject;
			attributes = {
				BuildIndependentTargetsInParallel = YES;
				LastUpgradeCheck = 1430;
				TargetAttributes = {
					569E8F9DB695209E845353A8 = {
						DevelopmentTeam = WR5SQ3MV4C;
					};
					723281AD0CB737837555B504 = {
						DevelopmentTeam = WR5SQ3MV4C;
					};
				};
			};
			buildConfigurationList = 713E494BD097961650762E1E /* Build configuration list for PBXProject "Tymely" */;
			compatibilityVersion = "Xcode 14.0";
			developmentRegion = en;
			hasScannedForEncodings = 0;
			knownRegions = (
				Base,
				en,
			);
			mainGroup = 3BBFA035F5E564FA72E5433B;
			minimizedProjectReferenceProxies = 1;
			preferredProjectObjectVersion = 54;
			projectDirPath = "";
			projectRoot = "";
			targets = (
				569E8F9DB695209E845353A8 /* Tymely */,
				723281AD0CB737837555B504 /* TymelyWidget */,
			);
		};
/* End PBXProject section */

/* Begin PBXSourcesBuildPhase section */
		DB66569CEC1CECCD29370511 /* Sources */ = {
			isa = PBXSourcesBuildPhase;
			buildActionMask = 2147483647;
			files = (
				01CCCE4745A4A0AB38BBE778 /* AppColors.swift in Sources */,
				87625D430101D5EEA8B88E33 /* ContentView.swift in Sources */,
				5E5F79D46498101CF652E127 /* ContextualRoutineItemRowView.swift in Sources */,
				7C7C3E87958889465B29C8B4 /* DailyRoutineView.swift in Sources */,
				D81CA6939FBCCFE8D1B6995E /* DashboardView.swift in Sources */,
				74900C0357014D63736D8902 /* NavigationBarView.swift in Sources */,
				BEB7502878242704D31724D7 /* NotificationManager.swift in Sources */,
				69B2D120C6780EAFEB12B5C0 /* Persistence.swift in Sources */,
				20024105E1C3675F1C6864CD /* ProfileView.swift in Sources */,
				9F46B6A3FC4981B493F31905 /* RoutineItem.swift in Sources */,
				8BBE4DA915271E67F54DA569 /* RoutineItemRowView.swift in Sources */,
				C828C3D85DF439940BF0FEDD /* SampleData.swift in Sources */,
				0A8EDEB66763654B5C935451 /* TabBarView.swift in Sources */,
				7D4D50578DE0B036523E8F6B /* Tymely.xcdatamodeld in Sources */,
				7E714F1B1CBDADBDEC71FBC9 /* TymelyApp.swift in Sources */,
			);
			runOnlyForDeploymentPostprocessing = 0;
		};
		F1C052C0904EA1E13DDA3241 /* Sources */ = {
			isa = PBXSourcesBuildPhase;
			buildActionMask = 2147483647;
			files = (
				84E6C07914F259426A91BFD0 /* AppIntent.swift in Sources */,
				359B678088FF8717838F4569 /* TymelyWidget.swift in Sources */,
				59E01F9CB1B4EEA45913AD0A /* TymelyWidgetBundle.swift in Sources */,
				F8B88E986251FAC84CF63ABD /* TymelyWidgetControl.swift in Sources */,
				8C87E49330849C2533C9D14A /* TymelyWidgetLiveActivity.swift in Sources */,
				6535DD67E698712FD248C052 /* WidgetModels.swift in Sources */,
			);
			runOnlyForDeploymentPostprocessing = 0;
		};
/* End PBXSourcesBuildPhase section */

/* Begin PBXTargetDependency section */
		B699042789650B3C7BE85A5C /* PBXTargetDependency */ = {
			isa = PBXTargetDependency;
			target = 723281AD0CB737837555B504 /* TymelyWidget */;
			targetProxy = 5B8E5EF017E0A16A9A8D9AC0 /* PBXContainerItemProxy */;
		};
/* End PBXTargetDependency section */

/* Begin XCBuildConfiguration section */
		073181DA8A82831CD5C4E1EA /* Release */ = {
			isa = XCBuildConfiguration;
			buildSettings = {
				ASSETCATALOG_COMPILER_APPICON_NAME = AppIcon;
				CODE_SIGN_ENTITLEMENTS = Tymely.entitlements;
				CODE_SIGN_IDENTITY = "iPhone Developer";
				DEVELOPMENT_TEAM = WR5SQ3MV4C;
				INFOPLIST_FILE = Info.plist;
				IPHONEOS_DEPLOYMENT_TARGET = 15.0;
				LD_RUNPATH_SEARCH_PATHS = (
					"$(inherited)",
					"@executable_path/Frameworks",
				);
				PRODUCT_BUNDLE_IDENTIFIER = co.tymely.Tymely;
				SDKROOT = iphoneos;
				SWIFT_VERSION = 5.0;
				TARGETED_DEVICE_FAMILY = "1,2";
			};
			name = Release;
		};
		0BFFB2E4C99D93CCD3A4C958 /* Release */ = {
			isa = XCBuildConfiguration;
			buildSettings = {
				ALWAYS_SEARCH_USER_PATHS = NO;
				CLANG_ANALYZER_NONNULL = YES;
				CLANG_ANALYZER_NUMBER_OBJECT_CONVERSION = YES_AGGRESSIVE;
				CLANG_CXX_LANGUAGE_STANDARD = "gnu++14";
				CLANG_CXX_LIBRARY = "libc++";
				CLANG_ENABLE_MODULES = YES;
				CLANG_ENABLE_OBJC_ARC = YES;
				CLANG_ENABLE_OBJC_WEAK = YES;
				CLANG_WARN_BLOCK_CAPTURE_AUTORELEASING = YES;
				CLANG_WARN_BOOL_CONVERSION = YES;
				CLANG_WARN_COMMA = YES;
				CLANG_WARN_CONSTANT_CONVERSION = YES;
				CLANG_WARN_DEPRECATED_OBJC_IMPLEMENTATIONS = YES;
				CLANG_WARN_DIRECT_OBJC_ISA_USAGE = YES_ERROR;
				CLANG_WARN_DOCUMENTATION_COMMENTS = YES;
				CLANG_WARN_EMPTY_BODY = YES;
				CLANG_WARN_ENUM_CONVERSION = YES;
				CLANG_WARN_INFINITE_RECURSION = YES;
				CLANG_WARN_INT_CONVERSION = YES;
				CLANG_WARN_NON_LITERAL_NULL_CONVERSION = YES;
				CLANG_WARN_OBJC_IMPLICIT_RETAIN_SELF = YES;
				CLANG_WARN_OBJC_LITERAL_CONVERSION = YES;
				CLANG_WARN_OBJC_ROOT_CLASS = YES_ERROR;
				CLANG_WARN_QUOTED_INCLUDE_IN_FRAMEWORK_HEADER = YES;
				CLANG_WARN_RANGE_LOOP_ANALYSIS = YES;
				CLANG_WARN_STRICT_PROTOTYPES = YES;
				CLANG_WARN_SUSPICIOUS_MOVE = YES;
				CLANG_WARN_UNGUARDED_AVAILABILITY = YES_AGGRESSIVE;
				CLANG_WARN_UNREACHABLE_CODE = YES;
				CLANG_WARN__DUPLICATE_METHOD_MATCH = YES;
				COPY_PHASE_STRIP = NO;
				DEBUG_INFORMATION_FORMAT = "dwarf-with-dsym";
				ENABLE_NS_ASSERTIONS = NO;
				ENABLE_STRICT_OBJC_MSGSEND = YES;
				GCC_C_LANGUAGE_STANDARD = gnu11;
				GCC_NO_COMMON_BLOCKS = YES;
				GCC_WARN_64_TO_32_BIT_CONVERSION = YES;
				GCC_WARN_ABOUT_RETURN_TYPE = YES_ERROR;
				GCC_WARN_UNDECLARED_SELECTOR = YES;
				GCC_WARN_UNINITIALIZED_AUTOS = YES_AGGRESSIVE;
				GCC_WARN_UNUSED_FUNCTION = YES;
				GCC_WARN_UNUSED_VARIABLE = YES;
				MTL_ENABLE_DEBUG_INFO = NO;
				MTL_FAST_MATH = YES;
				PRODUCT_NAME = "$(TARGET_NAME)";
				SDKROOT = iphoneos;
				SWIFT_COMPILATION_MODE = wholemodule;
				SWIFT_OPTIMIZATION_LEVEL = "-O";
				SWIFT_VERSION = 5.0;
			};
			name = Release;
		};
		43420975EAACF93544D30EEE /* Debug */ = {
			isa = XCBuildConfiguration;
			buildSettings = {
				ASSETCATALOG_COMPILER_APPICON_NAME = AppIcon;
				CODE_SIGN_ENTITLEMENTS = Tymely.entitlements;
				CODE_SIGN_IDENTITY = "iPhone Developer";
				DEVELOPMENT_TEAM = WR5SQ3MV4C;
				INFOPLIST_FILE = Info.plist;
				IPHONEOS_DEPLOYMENT_TARGET = 15.0;
				LD_RUNPATH_SEARCH_PATHS = (
					"$(inherited)",
					"@executable_path/Frameworks",
				);
				PRODUCT_BUNDLE_IDENTIFIER = co.tymely.Tymely;
				SDKROOT = iphoneos;
				SWIFT_VERSION = 5.0;
				TARGETED_DEVICE_FAMILY = "1,2";
			};
			name = Debug;
		};
		74A9D507574B21899E200B8F /* Release */ = {
			isa = XCBuildConfiguration;
			buildSettings = {
				DEVELOPMENT_TEAM = WR5SQ3MV4C;
				INFOPLIST_FILE = TymelyWidget/Info.plist;
				IPHONEOS_DEPLOYMENT_TARGET = 17.0;
				LD_RUNPATH_SEARCH_PATHS = (
					"$(inherited)",
					"@executable_path/Frameworks",
					"@executable_path/../../Frameworks",
				);
				PRODUCT_BUNDLE_IDENTIFIER = co.tymely.Tymely.TymelyWidget;
				SDKROOT = iphoneos;
				SKIP_INSTALL = YES;
				SWIFT_VERSION = 5.0;
				TARGETED_DEVICE_FAMILY = "1,2";
			};
			name = Release;
		};
		81DA852BF45C049FD0C0B92B /* Debug */ = {
			isa = XCBuildConfiguration;
			buildSettings = {
				DEVELOPMENT_TEAM = WR5SQ3MV4C;
				INFOPLIST_FILE = TymelyWidget/Info.plist;
				IPHONEOS_DEPLOYMENT_TARGET = 17.0;
				LD_RUNPATH_SEARCH_PATHS = (
					"$(inherited)",
					"@executable_path/Frameworks",
					"@executable_path/../../Frameworks",
				);
				PRODUCT_BUNDLE_IDENTIFIER = co.tymely.Tymely.TymelyWidget;
				SDKROOT = iphoneos;
				SKIP_INSTALL = YES;
				SWIFT_VERSION = 5.0;
				TARGETED_DEVICE_FAMILY = "1,2";
			};
			name = Debug;
		};
		D3E7B340BF0E2D3EFBFA3F2F /* Debug */ = {
			isa = XCBuildConfiguration;
			buildSettings = {
				ALWAYS_SEARCH_USER_PATHS = NO;
				CLANG_ANALYZER_NONNULL = YES;
				CLANG_ANALYZER_NUMBER_OBJECT_CONVERSION = YES_AGGRESSIVE;
				CLANG_CXX_LANGUAGE_STANDARD = "gnu++14";
				CLANG_CXX_LIBRARY = "libc++";
				CLANG_ENABLE_MODULES = YES;
				CLANG_ENABLE_OBJC_ARC = YES;
				CLANG_ENABLE_OBJC_WEAK = YES;
				CLANG_WARN_BLOCK_CAPTURE_AUTORELEASING = YES;
				CLANG_WARN_BOOL_CONVERSION = YES;
				CLANG_WARN_COMMA = YES;
				CLANG_WARN_CONSTANT_CONVERSION = YES;
				CLANG_WARN_DEPRECATED_OBJC_IMPLEMENTATIONS = YES;
				CLANG_WARN_DIRECT_OBJC_ISA_USAGE = YES_ERROR;
				CLANG_WARN_DOCUMENTATION_COMMENTS = YES;
				CLANG_WARN_EMPTY_BODY = YES;
				CLANG_WARN_ENUM_CONVERSION = YES;
				CLANG_WARN_INFINITE_RECURSION = YES;
				CLANG_WARN_INT_CONVERSION = YES;
				CLANG_WARN_NON_LITERAL_NULL_CONVERSION = YES;
				CLANG_WARN_OBJC_IMPLICIT_RETAIN_SELF = YES;
				CLANG_WARN_OBJC_LITERAL_CONVERSION = YES;
				CLANG_WARN_OBJC_ROOT_CLASS = YES_ERROR;
				CLANG_WARN_QUOTED_INCLUDE_IN_FRAMEWORK_HEADER = YES;
				CLANG_WARN_RANGE_LOOP_ANALYSIS = YES;
				CLANG_WARN_STRICT_PROTOTYPES = YES;
				CLANG_WARN_SUSPICIOUS_MOVE = YES;
				CLANG_WARN_UNGUARDED_AVAILABILITY = YES_AGGRESSIVE;
				CLANG_WARN_UNREACHABLE_CODE = YES;
				CLANG_WARN__DUPLICATE_METHOD_MATCH = YES;
				COPY_PHASE_STRIP = NO;
				DEBUG_INFORMATION_FORMAT = dwarf;
				ENABLE_STRICT_OBJC_MSGSEND = YES;
				ENABLE_TESTABILITY = YES;
				GCC_C_LANGUAGE_STANDARD = gnu11;
				GCC_DYNAMIC_NO_PIC = NO;
				GCC_NO_COMMON_BLOCKS = YES;
				GCC_OPTIMIZATION_LEVEL = 0;
				GCC_PREPROCESSOR_DEFINITIONS = (
					"$(inherited)",
					"DEBUG=1",
				);
				GCC_WARN_64_TO_32_BIT_CONVERSION = YES;
				GCC_WARN_ABOUT_RETURN_TYPE = YES_ERROR;
				GCC_WARN_UNDECLARED_SELECTOR = YES;
				GCC_WARN_UNINITIALIZED_AUTOS = YES_AGGRESSIVE;
				GCC_WARN_UNUSED_FUNCTION = YES;
				GCC_WARN_UNUSED_VARIABLE = YES;
				MTL_ENABLE_DEBUG_INFO = INCLUDE_SOURCE;
				MTL_FAST_MATH = YES;
				ONLY_ACTIVE_ARCH = YES;
				PRODUCT_NAME = "$(TARGET_NAME)";
				SDKROOT = iphoneos;
				SWIFT_ACTIVE_COMPILATION_CONDITIONS = DEBUG;
				SWIFT_OPTIMIZATION_LEVEL = "-Onone";
				SWIFT_VERSION = 5.0;
			};
			name = Debug;
		};
/* End XCBuildConfiguration section */

/* Begin XCConfigurationList section */
		713E494BD097961650762E1E /* Build configuration list for PBXProject "Tymely" */ = {
			isa = XCConfigurationList;
			buildConfigurations = (
				D3E7B340BF0E2D3EFBFA3F2F /* Debug */,
				0BFFB2E4C99D93CCD3A4C958 /* Release */,
			);
			defaultConfigurationIsVisible = 0;
			defaultConfigurationName = Debug;
		};
		8DEBD8676E8679572BC9D198 /* Build configuration list for PBXNativeTarget "TymelyWidget" */ = {
			isa = XCConfigurationList;
			buildConfigurations = (
				81DA852BF45C049FD0C0B92B /* Debug */,
				74A9D507574B21899E200B8F /* Release */,
			);
			defaultConfigurationIsVisible = 0;
			defaultConfigurationName = Debug;
		};
		A12C9794C8CEB9427AF2CD62 /* Build configuration list for PBXNativeTarget "Tymely" */ = {
			isa = XCConfigurationList;
			buildConfigurations = (
				43420975EAACF93544D30EEE /* Debug */,
				073181DA8A82831CD5C4E1EA /* Release */,
			);
			defaultConfigurationIsVisible = 0;
			defaultConfigurationName = Debug;
		};
/* End XCConfigurationList section */

/* Begin XCVersionGroup section */
		9A0D0B92191B0DE09B665481 /* Tymely.xcdatamodeld */ = {
			isa = XCVersionGroup;
			children = (
				94272016A11A63020B1492EC /* Tymely.xcdatamodel */,
			);
			currentVersion = 94272016A11A63020B1492EC /* Tymely.xcdatamodel */;
			path = Tymely.xcdatamodeld;
			sourceTree = "<group>";
			versionGroupType = wrapper.xcdatamodel;
		};
/* End XCVersionGroup section */
	};
	rootObject = 1043C3CA17ECCEA756F01984 /* Project object */;
}
